
Microsoft Visual Studio Solution File, Format Version 12.00
# Visual Studio Version 17
VisualStudioVersion = 17.14.36717.8 d17.14
MinimumVisualStudioVersion = 10.0.40219.1
Project("{FAE04EC0-301F-11D3-BF4B-00C04F79EFBC}") = "MicrosoftIdentityCredentialHangRepro", "MicrosoftIdentityCredentialHangRepro\MicrosoftIdentityCredentialHangRepro.csproj", "{2597E471-E93B-48AD-A24E-64A6E9D521FF}"
EndProject
Global
	GlobalSection(SolutionConfigurationPlatforms) = preSolution
		Debug|Any CPU = Debug|Any CPU
		Release|Any CPU = Release|Any CPU
	EndGlobalSection
	GlobalSection(ProjectConfigurationPlatforms) = postSolution
		{2597E471-E93B-48AD-A24E-64A6E9D521FF}.Debug|Any CPU.ActiveCfg = Debug|Any CPU
		{2597E471-E93B-48AD-A24E-64A6E9D521FF}.Debug|Any CPU.Build.0 = Debug|Any CPU
		{2597E471-E93B-48AD-A24E-64A6E9D521FF}.Release|Any CPU.ActiveCfg = Release|Any CPU
		{2597E471-E93B-48AD-A24E-64A6E9D521FF}.Release|Any CPU.Build.0 = Release|Any CPU
	EndGlobalSection
	GlobalSection(SolutionProperties) = preSolution
		HideSolutionNode = FALSE
	EndGlobalSection
	GlobalSection(ExtensibilityGlobals) = postSolution
		SolutionGuid = {08AA926D-D90E-4310-A67D-9DD2D489934E}
	EndGlobalSection
EndGlobal
